
Microsoft Visual Studio Solution File, Format Version 12.00
# Visual Studio 15
VisualStudioVersion = 15.0.28307.1209
MinimumVisualStudioVersion = 10.0.40219.1
Project("{FAE04EC0-301F-11D3-BF4B-00C04F79EFBC}") = "5 - TypeConversion", "5 - TypeConversion\5 - TypeConversion.csproj", "{374F4EF1-7A95-4781-806A-EFD28A1983CC}"
EndProject
Global
	GlobalSection(SolutionConfigurationPlatforms) = preSolution
		Debug|Any CPU = Debug|Any CPU
		Release|Any CPU = Release|Any CPU
	EndGlobalSection
	GlobalSection(ProjectConfigurationPlatforms) = postSolution
		{374F4EF1-7A95-4781-806A-EFD28A1983CC}.Debug|Any CPU.ActiveCfg = Debug|Any CPU
		{374F4EF1-7A95-4781-806A-EFD28A1983CC}.Debug|Any CPU.Build.0 = Debug|Any CPU
		{374F4EF1-7A95-4781-806A-EFD28A1983CC}.Release|Any CPU.ActiveCfg = Release|Any CPU
		{374F4EF1-7A95-4781-806A-EFD28A1983CC}.Release|Any CPU.Build.0 = Release|Any CPU
	EndGlobalSection
	GlobalSection(SolutionProperties) = preSolution
		HideSolutionNode = FALSE
	EndGlobalSection
	GlobalSection(ExtensibilityGlobals) = postSolution
		SolutionGuid = {3C9E1D9E-5308-4DBF-B667-C53F2D84843F}
	EndGlobalSection
EndGlobal
