
Microsoft Visual Studio Solution File, Format Version 12.00
# Visual Studio 15
VisualStudioVersion = 15.0.28307.1209
MinimumVisualStudioVersion = 10.0.40219.1
Project("{FAE04EC0-301F-11D3-BF4B-00C04F79EFBC}") = "17 - TaskExtentions", "17 - TaskExtentions\17 - TaskExtentions.csproj", "{3335E838-3F65-4D99-916A-FDC501A9FDE7}"
EndProject
Global
	GlobalSection(SolutionConfigurationPlatforms) = preSolution
		Debug|Any CPU = Debug|Any CPU
		Release|Any CPU = Release|Any CPU
	EndGlobalSection
	GlobalSection(ProjectConfigurationPlatforms) = postSolution
		{3335E838-3F65-4D99-916A-FDC501A9FDE7}.Debug|Any CPU.ActiveCfg = Debug|Any CPU
		{3335E838-3F65-4D99-916A-FDC501A9FDE7}.Debug|Any CPU.Build.0 = Debug|Any CPU
		{3335E838-3F65-4D99-916A-FDC501A9FDE7}.Release|Any CPU.ActiveCfg = Release|Any CPU
		{3335E838-3F65-4D99-916A-FDC501A9FDE7}.Release|Any CPU.Build.0 = Release|Any CPU
	EndGlobalSection
	GlobalSection(SolutionProperties) = preSolution
		HideSolutionNode = FALSE
	EndGlobalSection
	GlobalSection(ExtensibilityGlobals) = postSolution
		SolutionGuid = {4332C85C-0AD1-48CC-9C43-8539E916C3EF}
	EndGlobalSection
EndGlobal
