
Microsoft Visual Studio Solution File, Format Version 12.00
# Visual Studio 15
VisualStudioVersion = 15.0.28307.1209
MinimumVisualStudioVersion = 10.0.40219.1
Project("{FAE04EC0-301F-11D3-BF4B-00C04F79EFBC}") = "19 - TaskSerialize", "19 - TaskSerialize\19 - TaskSerialize.csproj", "{333B7D25-C3AC-4D48-8264-655C4F99F343}"
EndProject
Global
	GlobalSection(SolutionConfigurationPlatforms) = preSolution
		Debug|Any CPU = Debug|Any CPU
		Release|Any CPU = Release|Any CPU
	EndGlobalSection
	GlobalSection(ProjectConfigurationPlatforms) = postSolution
		{333B7D25-C3AC-4D48-8264-655C4F99F343}.Debug|Any CPU.ActiveCfg = Debug|Any CPU
		{333B7D25-C3AC-4D48-8264-655C4F99F343}.Debug|Any CPU.Build.0 = Debug|Any CPU
		{333B7D25-C3AC-4D48-8264-655C4F99F343}.Release|Any CPU.ActiveCfg = Release|Any CPU
		{333B7D25-C3AC-4D48-8264-655C4F99F343}.Release|Any CPU.Build.0 = Release|Any CPU
	EndGlobalSection
	GlobalSection(SolutionProperties) = preSolution
		HideSolutionNode = FALSE
	EndGlobalSection
	GlobalSection(ExtensibilityGlobals) = postSolution
		SolutionGuid = {EB89E83E-4C22-40CE-9A41-02F18115F7FA}
	EndGlobalSection
EndGlobal
